// !$*UTF8*$!
{
	archiveVersion = 1;
	classes = {
	};
	objectVersion = 50;
	objects = {

/* Begin PBXBuildFile section */
		617B87A421FC49FF004EB656 /* SimpleSwiftFramework.framework in Frameworks */ = {isa = PBXBuildFile; fileRef = 617B879A21FC49FF004EB656 /* SimpleSwiftFramework.framework */; };
		617B87A921FC49FF004EB656 /* SimpleSwiftFrameworkTests.swift in Sources */ = {isa = PBXBuildFile; fileRef = 617B87A821FC49FF004EB656 /* SimpleSwiftFrameworkTests.swift */; };
		617B87AB21FC49FF004EB656 /* SimpleSwiftFramework.h in Headers */ = {isa = PBXBuildFile; fileRef = 617B879D21FC49FF004EB656 /* SimpleSwiftFramework.h */; settings = {ATTRIBUTES = (Public, ); }; };
		617B87B521FC4A5C004EB656 /* SimpleSwiftFramework.swift in Sources */ = {isa = PBXBuildFile; fileRef = 617B87B421FC4A5C004EB656 /* SimpleSwiftFramework.swift */; };
		617B87CA21FC4D8D004EB656 /* SimpleSwiftFrameworkTests.xctest in Resources */ = {isa = PBXBuildFile; fileRef = 617B87A321FC49FF004EB656 /* SimpleSwiftFrameworkTests.xctest */; };
		617B87D821FC4ED7004EB656 /* SimpleSwiftFrameworkTests.xctest in Resources */ = {isa = PBXBuildFile; fileRef = 617B87A321FC49FF004EB656 /* SimpleSwiftFrameworkTests.xctest */; };
/* End PBXBuildFile section */

/* Begin PBXContainerItemProxy section */
		617B87A521FC49FF004EB656 /* PBXContainerItemProxy */ = {
			isa = PBXContainerItemProxy;
			containerPortal = 617B879121FC49FF004EB656 /* Project object */;
			proxyType = 1;
			remoteGlobalIDString = 617B879921FC49FF004EB656;
			remoteInfo = SimpleSwiftFramework;
		};
/* End PBXContainerItemProxy section */

/* Begin PBXFileReference section */
		617B879A21FC49FF004EB656 /* SimpleSwiftFramework.framework */ = {isa = PBXFileReference; explicitFileType = wrapper.framework; includeInIndex = 0; path = SimpleSwiftFramework.framework; sourceTree = BUILT_PRODUCTS_DIR; };
		617B879D21FC49FF004EB656 /* SimpleSwiftFramework.h */ = {isa = PBXFileReference; lastKnownFileType = sourcecode.c.h; path = SimpleSwiftFramework.h; sourceTree = "<group>"; };
		617B879E21FC49FF004EB656 /* Info.plist */ = {isa = PBXFileReference; lastKnownFileType = text.plist.xml; path = Info.plist; sourceTree = "<group>"; };
		617B87A321FC49FF004EB656 /* SimpleSwiftFrameworkTests.xctest */ = {isa = PBXFileReference; explicitFileType = wrapper.cfbundle; includeInIndex = 0; path = SimpleSwiftFrameworkTests.xctest; sourceTree = BUILT_PRODUCTS_DIR; };
		617B87A821FC49FF004EB656 /* SimpleSwiftFrameworkTests.swift */ = {isa = PBXFileReference; lastKnownFileType = sourcecode.swift; path = SimpleSwiftFrameworkTests.swift; sourceTree = "<group>"; };
		617B87AA21FC49FF004EB656 /* Info.plist */ = {isa = PBXFileReference; lastKnownFileType = text.plist.xml; path = Info.plist; sourceTree = "<group>"; };
		617B87B421FC4A5C004EB656 /* SimpleSwiftFramework.swift */ = {isa = PBXFileReference; lastKnownFileType = sourcecode.swift; path = SimpleSwiftFramework.swift; sourceTree = "<group>"; };
/* End PBXFileReference section */

/* Begin PBXFrameworksBuildPhase section */
		617B879721FC49FF004EB656 /* Frameworks */ = {
			isa = PBXFrameworksBuildPhase;
			buildActionMask = 2147483647;
			files = (
			);
			runOnlyForDeploymentPostprocessing = 0;
		};
		617B87A021FC49FF004EB656 /* Frameworks */ = {
			isa = PBXFrameworksBuildPhase;
			buildActionMask = 2147483647;
			files = (
				617B87A421FC49FF004EB656 /* SimpleSwiftFramework.framework in Frameworks */,
			);
			runOnlyForDeploymentPostprocessing = 0;
		};
/* End PBXFrameworksBuildPhase section */

/* Begin PBXGroup section */
		617B879021FC49FF004EB656 = {
			isa = PBXGroup;
			children = (
				617B879C21FC49FF004EB656 /* SimpleSwiftFramework */,
				617B87A721FC49FF004EB656 /* SimpleSwiftFrameworkTests */,
				617B879B21FC49FF004EB656 /* Products */,
			);
			sourceTree = "<group>";
		};
		617B879B21FC49FF004EB656 /* Products */ = {
			isa = PBXGroup;
			children = (
				617B879A21FC49FF004EB656 /* SimpleSwiftFramework.framework */,
				617B87A321FC49FF004EB656 /* SimpleSwiftFrameworkTests.xctest */,
			);
			name = Products;
			sourceTree = "<group>";
		};
		617B879C21FC49FF004EB656 /* SimpleSwiftFramework */ = {
			isa = PBXGroup;
			children = (
				617B879D21FC49FF004EB656 /* SimpleSwiftFramework.h */,
				617B879E21FC49FF004EB656 /* Info.plist */,
				617B87B421FC4A5C004EB656 /* SimpleSwiftFramework.swift */,
			);
			path = SimpleSwiftFramework;
			sourceTree = "<group>";
		};
		617B87A721FC49FF004EB656 /* SimpleSwiftFrameworkTests */ = {
			isa = PBXGroup;
			children = (
				617B87A821FC49FF004EB656 /* SimpleSwiftFrameworkTests.swift */,
				617B87AA21FC49FF004EB656 /* Info.plist */,
			);
			path = SimpleSwiftFrameworkTests;
			sourceTree = "<group>";
		};
/* End PBXGroup section */

/* Begin PBXHeadersBuildPhase section */
		617B879521FC49FF004EB656 /* Headers */ = {
			isa = PBXHeadersBuildPhase;
			buildActionMask = 2147483647;
			files = (
				617B87AB21FC49FF004EB656 /* SimpleSwiftFramework.h in Headers */,
			);
			runOnlyForDeploymentPostprocessing = 0;
		};
/* End PBXHeadersBuildPhase section */

/* Begin PBXNativeTarget section */
		617B879921FC49FF004EB656 /* SimpleSwiftFramework */ = {
			isa = PBXNativeTarget;
			buildConfigurationList = 617B87AE21FC49FF004EB656 /* Build configuration list for PBXNativeTarget "SimpleSwiftFramework" */;
			buildPhases = (
				617B879521FC49FF004EB656 /* Headers */,
				617B879621FC49FF004EB656 /* Sources */,
				617B879721FC49FF004EB656 /* Frameworks */,
				617B879821FC49FF004EB656 /* Resources */,
			);
			buildRules = (
			);
			dependencies = (
			);
			name = SimpleSwiftFramework;
			productName = SimpleSwiftFramework;
			productReference = 617B879A21FC49FF004EB656 /* SimpleSwiftFramework.framework */;
			productType = "com.apple.product-type.framework";
		};
		617B87A221FC49FF004EB656 /* SimpleSwiftFrameworkTests */ = {
			isa = PBXNativeTarget;
			buildConfigurationList = 617B87B121FC49FF004EB656 /* Build configuration list for PBXNativeTarget "SimpleSwiftFrameworkTests" */;
			buildPhases = (
				617B879F21FC49FF004EB656 /* Sources */,
				617B87A021FC49FF004EB656 /* Frameworks */,
				617B87A121FC49FF004EB656 /* Resources */,
			);
			buildRules = (
			);
			dependencies = (
				617B87A621FC49FF004EB656 /* PBXTargetDependency */,
			);
			name = SimpleSwiftFrameworkTests;
			productName = SimpleSwiftFrameworkTests;
			productReference = 617B87A321FC49FF004EB656 /* SimpleSwiftFrameworkTests.xctest */;
			productType = "com.apple.product-type.bundle.unit-test";
		};
/* End PBXNativeTarget section */

/* Begin PBXProject section */
		617B879121FC49FF004EB656 /* Project object */ = {
			isa = PBXProject;
			attributes = {
				LastSwiftUpdateCheck = 1010;
				LastUpgradeCheck = 1010;
				ORGANIZATIONNAME = "Aukmate  Chayapiwat";
				TargetAttributes = {
					617B879921FC49FF004EB656 = {
						CreatedOnToolsVersion = 10.1;
						LastSwiftMigration = 1010;
					};
					617B87A221FC49FF004EB656 = {
						CreatedOnToolsVersion = 10.1;
					};
				};
			};
			buildConfigurationList = 617B879421FC49FF004EB656 /* Build configuration list for PBXProject "SimpleSwiftFramework" */;
			compatibilityVersion = "Xcode 9.3";
			developmentRegion = en;
			hasScannedForEncodings = 0;
			knownRegions = (
				en,
			);
			mainGroup = 617B879021FC49FF004EB656;
			productRefGroup = 617B879B21FC49FF004EB656 /* Products */;
			projectDirPath = "";
			projectRoot = "";
			targets = (
				617B879921FC49FF004EB656 /* SimpleSwiftFramework */,
				617B87A221FC49FF004EB656 /* SimpleSwiftFrameworkTests */,
			);
		};
/* End PBXProject section */

/* Begin PBXResourcesBuildPhase section */
		617B879821FC49FF004EB656 /* Resources */ = {
			isa = PBXResourcesBuildPhase;
			buildActionMask = 2147483647;
			files = (
				617B87CA21FC4D8D004EB656 /* SimpleSwiftFrameworkTests.xctest in Resources */,
			);
			runOnlyForDeploymentPostprocessing = 0;
		};
		617B87A121FC49FF004EB656 /* Resources */ = {
			isa = PBXResourcesBuildPhase;
			buildActionMask = 2147483647;
			files = (
				617B87D821FC4ED7004EB656 /* SimpleSwiftFrameworkTests.xctest in Resources */,
			);
			runOnlyForDeploymentPostprocessing = 0;
		};
/* End PBXResourcesBuildPhase section */

/* Begin PBXSourcesBuildPhase section */
		617B879621FC49FF004EB656 /* Sources */ = {
			isa = PBXSourcesBuildPhase;
			buildActionMask = 2147483647;
			files = (
				617B87B521FC4A5C004EB656 /* SimpleSwiftFramework.swift in Sources */,
			);
			runOnlyForDeploymentPostprocessing = 0;
		};
		617B879F21FC49FF004EB656 /* Sources */ = {
			isa = PBXSourcesBuildPhase;
			buildActionMask = 2147483647;
			files = (
				617B87A921FC49FF004EB656 /* SimpleSwiftFrameworkTests.swift in Sources */,
			);
			runOnlyForDeploymentPostprocessing = 0;
		};
/* End PBXSourcesBuildPhase section */

/* Begin PBXTargetDependency section */
		617B87A621FC49FF004EB656 /* PBXTargetDependency */ = {
			isa = PBXTargetDependency;
			target = 617B879921FC49FF004EB656 /* SimpleSwiftFramework */;
			targetProxy = 617B87A521FC49FF004EB656 /* PBXContainerItemProxy */;
		};
/* End PBXTargetDependency section */

/* Begin XCBuildConfiguration section */
		617B87AC21FC49FF004EB656 /* Debug */ = {
			isa = XCBuildConfiguration;
			buildSettings = {
				ALWAYS_SEARCH_USER_PATHS = NO;
				CLANG_ANALYZER_NONNULL = YES;
				CLANG_ANALYZER_NUMBER_OBJECT_CONVERSION = YES_AGGRESSIVE;
				CLANG_CXX_LANGUAGE_STANDARD = "gnu++14";
				CLANG_CXX_LIBRARY = "libc++";
				CLANG_ENABLE_MODULES = YES;
				CLANG_ENABLE_OBJC_ARC = YES;
				CLANG_ENABLE_OBJC_WEAK = YES;
				CLANG_WARN_BLOCK_CAPTURE_AUTORELEASING = YES;
				CLANG_WARN_BOOL_CONVERSION = YES;
				CLANG_WARN_COMMA = YES;
				CLANG_WARN_CONSTANT_CONVERSION = YES;
				CLANG_WARN_DEPRECATED_OBJC_IMPLEMENTATIONS = YES;
				CLANG_WARN_DIRECT_OBJC_ISA_USAGE = YES_ERROR;
				CLANG_WARN_DOCUMENTATION_COMMENTS = YES;
				CLANG_WARN_EMPTY_BODY = YES;
				CLANG_WARN_ENUM_CONVERSION = YES;
				CLANG_WARN_INFINITE_RECURSION = YES;
				CLANG_WARN_INT_CONVERSION = YES;
				CLANG_WARN_NON_LITERAL_NULL_CONVERSION = YES;
				CLANG_WARN_OBJC_IMPLICIT_RETAIN_SELF = YES;
				CLANG_WARN_OBJC_LITERAL_CONVERSION = YES;
				CLANG_WARN_OBJC_ROOT_CLASS = YES_ERROR;
				CLANG_WARN_RANGE_LOOP_ANALYSIS = YES;
				CLANG_WARN_STRICT_PROTOTYPES = YES;
				CLANG_WARN_SUSPICIOUS_MOVE = YES;
				CLANG_WARN_UNGUARDED_AVAILABILITY = YES_AGGRESSIVE;
				CLANG_WARN_UNREACHABLE_CODE = YES;
				CLANG_WARN__DUPLICATE_METHOD_MATCH = YES;
				CODE_SIGN_IDENTITY = "iPhone Developer";
				COPY_PHASE_STRIP = NO;
				CURRENT_PROJECT_VERSION = 1;
				DEBUG_INFORMATION_FORMAT = dwarf;
				ENABLE_STRICT_OBJC_MSGSEND = YES;
				ENABLE_TESTABILITY = YES;
				GCC_C_LANGUAGE_STANDARD = gnu11;
				GCC_DYNAMIC_NO_PIC = NO;
				GCC_NO_COMMON_BLOCKS = YES;
				GCC_OPTIMIZATION_LEVEL = 0;
				GCC_PREPROCESSOR_DEFINITIONS = (
					"DEBUG=1",
					"$(inherited)",
				);
				GCC_WARN_64_TO_32_BIT_CONVERSION = YES;
				GCC_WARN_ABOUT_RETURN_TYPE = YES_ERROR;
				GCC_WARN_UNDECLARED_SELECTOR = YES;
				GCC_WARN_UNINITIALIZED_AUTOS = YES_AGGRESSIVE;
				GCC_WARN_UNUSED_FUNCTION = YES;
				GCC_WARN_UNUSED_VARIABLE = YES;
				IPHONEOS_DEPLOYMENT_TARGET = 12.1;
				MTL_ENABLE_DEBUG_INFO = INCLUDE_SOURCE;
				MTL_FAST_MATH = YES;
				ONLY_ACTIVE_ARCH = YES;
				SDKROOT = iphoneos;
				SWIFT_ACTIVE_COMPILATION_CONDITIONS = DEBUG;
				SWIFT_OPTIMIZATION_LEVEL = "-Onone";
				VERSIONING_SYSTEM = "apple-generic";
				VERSION_INFO_PREFIX = "";
			};
			name = Debug;
		};
		617B87AD21FC49FF004EB656 /* Release */ = {
			isa = XCBuildConfiguration;
			buildSettings = {
				ALWAYS_SEARCH_USER_PATHS = NO;
				CLANG_ANALYZER_NONNULL = YES;
				CLANG_ANALYZER_NUMBER_OBJECT_CONVERSION = YES_AGGRESSIVE;
				CLANG_CXX_LANGUAGE_STANDARD = "gnu++14";
				CLANG_CXX_LIBRARY = "libc++";
				CLANG_ENABLE_MODULES = YES;
				CLANG_ENABLE_OBJC_ARC = YES;
				CLANG_ENABLE_OBJC_WEAK = YES;
				CLANG_WARN_BLOCK_CAPTURE_AUTORELEASING = YES;
				CLANG_WARN_BOOL_CONVERSION = YES;
				CLANG_WARN_COMMA = YES;
				CLANG_WARN_CONSTANT_CONVERSION = YES;
				CLANG_WARN_DEPRECATED_OBJC_IMPLEMENTATIONS = YES;
				CLANG_WARN_DIRECT_OBJC_ISA_USAGE = YES_ERROR;
				CLANG_WARN_DOCUMENTATION_COMMENTS = YES;
				CLANG_WARN_EMPTY_BODY = YES;
				CLANG_WARN_ENUM_CONVERSION = YES;
				CLANG_WARN_INFINITE_RECURSION = YES;
				CLANG_WARN_INT_CONVERSION = YES;
				CLANG_WARN_NON_LITERAL_NULL_CONVERSION = YES;
				CLANG_WARN_OBJC_IMPLICIT_RETAIN_SELF = YES;
				CLANG_WARN_OBJC_LITERAL_CONVERSION = YES;
				CLANG_WARN_OBJC_ROOT_CLASS = YES_ERROR;
				CLANG_WARN_RANGE_LOOP_ANALYSIS = YES;
				CLANG_WARN_STRICT_PROTOTYPES = YES;
				CLANG_WARN_SUSPICIOUS_MOVE = YES;
				CLANG_WARN_UNGUARDED_AVAILABILITY = YES_AGGRESSIVE;
				CLANG_WARN_UNREACHABLE_CODE = YES;
				CLANG_WARN__DUPLICATE_METHOD_MATCH = YES;
				CODE_SIGN_IDENTITY = "iPhone Developer";
				COPY_PHASE_STRIP = NO;
				CURRENT_PROJECT_VERSION = 1;
				DEBUG_INFORMATION_FORMAT = "dwarf-with-dsym";
				ENABLE_NS_ASSERTIONS = NO;
				ENABLE_STRICT_OBJC_MSGSEND = YES;
				GCC_C_LANGUAGE_STANDARD = gnu11;
				GCC_NO_COMMON_BLOCKS = YES;
				GCC_WARN_64_TO_32_BIT_CONVERSION = YES;
				GCC_WARN_ABOUT_RETURN_TYPE = YES_ERROR;
				GCC_WARN_UNDECLARED_SELECTOR = YES;
				GCC_WARN_UNINITIALIZED_AUTOS = YES_AGGRESSIVE;
				GCC_WARN_UNUSED_FUNCTION = YES;
				GCC_WARN_UNUSED_VARIABLE = YES;
				IPHONEOS_DEPLOYMENT_TARGET = 12.1;
				MTL_ENABLE_DEBUG_INFO = NO;
				MTL_FAST_MATH = YES;
				SDKROOT = iphoneos;
				SWIFT_COMPILATION_MODE = wholemodule;
				SWIFT_OPTIMIZATION_LEVEL = "-O";
				VALIDATE_PRODUCT = YES;
				VERSIONING_SYSTEM = "apple-generic";
				VERSION_INFO_PREFIX = "";
			};
			name = Release;
		};
		617B87AF21FC49FF004EB656 /* Debug */ = {
			isa = XCBuildConfiguration;
			buildSettings = {
				CLANG_ENABLE_MODULES = YES;
				CODE_SIGN_IDENTITY = "";
				CODE_SIGN_STYLE = Automatic;
				DEFINES_MODULE = YES;
				DEVELOPMENT_TEAM = C36U578Q4C;
				DYLIB_COMPATIBILITY_VERSION = 1;
				DYLIB_CURRENT_VERSION = 1;
				DYLIB_INSTALL_NAME_BASE = "@rpath";
				INFOPLIST_FILE = SimpleSwiftFramework/Info.plist;
				INSTALL_PATH = "$(LOCAL_LIBRARY_DIR)/Frameworks";
				LD_RUNPATH_SEARCH_PATHS = (
					"$(inherited)",
					"@executable_path/Frameworks",
					"@loader_path/Frameworks",
				);
				PRODUCT_BUNDLE_IDENTIFIER = "-0.SimpleSwiftFramework";
				PRODUCT_NAME = "$(TARGET_NAME:c99extidentifier)";
				SKIP_INSTALL = YES;
				SWIFT_OPTIMIZATION_LEVEL = "-Onone";
				SWIFT_VERSION = 4.2;
				TARGETED_DEVICE_FAMILY = "1,2";
			};
			name = Debug;
		};
		617B87B021FC49FF004EB656 /* Release */ = {
			isa = XCBuildConfiguration;
			buildSettings = {
				CLANG_ENABLE_MODULES = YES;
				CODE_SIGN_IDENTITY = "";
				CODE_SIGN_STYLE = Automatic;
				DEFINES_MODULE = YES;
				DEVELOPMENT_TEAM = C36U578Q4C;
				DYLIB_COMPATIBILITY_VERSION = 1;
				DYLIB_CURRENT_VERSION = 1;
				DYLIB_INSTALL_NAME_BASE = "@rpath";
				INFOPLIST_FILE = SimpleSwiftFramework/Info.plist;
				INSTALL_PATH = "$(LOCAL_LIBRARY_DIR)/Frameworks";
				LD_RUNPATH_SEARCH_PATHS = (
					"$(inherited)",
					"@executable_path/Frameworks",
					"@loader_path/Frameworks",
				);
				PRODUCT_BUNDLE_IDENTIFIER = "-0.SimpleSwiftFramework";
				PRODUCT_NAME = "$(TARGET_NAME:c99extidentifier)";
				SKIP_INSTALL = YES;
				SWIFT_VERSION = 4.2;
				TARGETED_DEVICE_FAMILY = "1,2";
			};
			name = Release;
		};
		617B87B221FC49FF004EB656 /* Debug */ = {
			isa = XCBuildConfiguration;
			buildSettings = {
				ALWAYS_EMBED_SWIFT_STANDARD_LIBRARIES = YES;
				CODE_SIGN_STYLE = Automatic;
				DEVELOPMENT_TEAM = C36U578Q4C;
				INFOPLIST_FILE = SimpleSwiftFrameworkTests/Info.plist;
				LD_RUNPATH_SEARCH_PATHS = (
					"$(inherited)",
					"@executable_path/Frameworks",
					"@loader_path/Frameworks",
				);
				PRODUCT_BUNDLE_IDENTIFIER = "-0.SimpleSwiftFrameworkTests";
				PRODUCT_NAME = "$(TARGET_NAME)";
				SWIFT_VERSION = 4.2;
				TARGETED_DEVICE_FAMILY = "1,2";
			};
			name = Debug;
		};
		617B87B321FC49FF004EB656 /* Release */ = {
			isa = XCBuildConfiguration;
			buildSettings = {
				ALWAYS_EMBED_SWIFT_STANDARD_LIBRARIES = YES;
				CODE_SIGN_STYLE = Automatic;
				DEVELOPMENT_TEAM = C36U578Q4C;
				INFOPLIST_FILE = SimpleSwiftFrameworkTests/Info.plist;
				LD_RUNPATH_SEARCH_PATHS = (
					"$(inherited)",
					"@executable_path/Frameworks",
					"@loader_path/Frameworks",
				);
				PRODUCT_BUNDLE_IDENTIFIER = "-0.SimpleSwiftFrameworkTests";
				PRODUCT_NAME = "$(TARGET_NAME)";
				SWIFT_VERSION = 4.2;
				TARGETED_DEVICE_FAMILY = "1,2";
			};
			name = Release;
		};
/* End XCBuildConfiguration section */

/* Begin XCConfigurationList section */
		617B879421FC49FF004EB656 /* Build configuration list for PBXProject "SimpleSwiftFramework" */ = {
			isa = XCConfigurationList;
			buildConfigurations = (
				617B87AC21FC49FF004EB656 /* Debug */,
				617B87AD21FC49FF004EB656 /* Release */,
			);
			defaultConfigurationIsVisible = 0;
			defaultConfigurationName = Release;
		};
		617B87AE21FC49FF004EB656 /* Build configuration list for PBXNativeTarget "SimpleSwiftFramework" */ = {
			isa = XCConfigurationList;
			buildConfigurations = (
				617B87AF21FC49FF004EB656 /* Debug */,
				617B87B021FC49FF004EB656 /* Release */,
			);
			defaultConfigurationIsVisible = 0;
			defaultConfigurationName = Release;
		};
		617B87B121FC49FF004EB656 /* Build configuration list for PBXNativeTarget "SimpleSwiftFrameworkTests" */ = {
			isa = XCConfigurationList;
			buildConfigurations = (
				617B87B221FC49FF004EB656 /* Debug */,
				617B87B321FC49FF004EB656 /* Release */,
			);
			defaultConfigurationIsVisible = 0;
			defaultConfigurationName = Release;
		};
/* End XCConfigurationList section */
	};
	rootObject = 617B879121FC49FF004EB656 /* Project object */;
}
